// !$*UTF8*$!
{
	archiveVersion = 1;
	classes = {
	};
	objectVersion = 77;
	objects = {

/* Begin PBXContainerItemProxy section */
		29BF626B2DA2304100051124 /* PBXContainerItemProxy */ = {
			isa = PBXContainerItemProxy;
			containerPortal = 29BF62552DA2304000051124 /* Project object */;
			proxyType = 1;
			remoteGlobalIDString = 29BF625C2DA2304000051124;
			remoteInfo = SparkChallengeApp;
		};
		29BF62752DA2304100051124 /* PBXContainerItemProxy */ = {
			isa = PBXContainerItemProxy;
			containerPortal = 29BF62552DA2304000051124 /* Project object */;
			proxyType = 1;
			remoteGlobalIDString = 29BF625C2DA2304000051124;
			remoteInfo = SparkChallengeApp;
		};
/* End PBXContainerItemProxy section */

/* Begin PBXFileReference section */
		29BF625D2DA2304000051124 /* SparkChallengeApp.app */ = {isa = PBXFileReference; explicitFileType = wrapper.application; includeInIndex = 0; path = SparkChallengeApp.app; sourceTree = BUILT_PRODUCTS_DIR; };
		29BF626A2DA2304100051124 /* SparkChallengeAppTests.xctest */ = {isa = PBXFileReference; explicitFileType = wrapper.cfbundle; includeInIndex = 0; path = SparkChallengeAppTests.xctest; sourceTree = BUILT_PRODUCTS_DIR; };
		29BF62742DA2304100051124 /* SparkChallengeAppUITests.xctest */ = {isa = PBXFileReference; explicitFileType = wrapper.cfbundle; includeInIndex = 0; path = SparkChallengeAppUITests.xctest; sourceTree = BUILT_PRODUCTS_DIR; };
/* End PBXFileReference section */

/* Begin PBXFileSystemSynchronizedBuildFileExceptionSet section */
		29BF628C2DA23A9600051124 /* Exceptions for "SparkChallengeApp" folder in "SparkChallengeApp" target */ = {
			isa = PBXFileSystemSynchronizedBuildFileExceptionSet;
			membershipExceptions = (
				Info.plist,
			);
			target = 29BF625C2DA2304000051124 /* SparkChallengeApp */;
		};
/* End PBXFileSystemSynchronizedBuildFileExceptionSet section */

/* Begin PBXFileSystemSynchronizedRootGroup section */
		29BF625F2DA2304000051124 /* SparkChallengeApp */ = {
			isa = PBXFileSystemSynchronizedRootGroup;
			exceptions = (
				29BF628C2DA23A9600051124 /* Exceptions for "SparkChallengeApp" folder in "SparkChallengeApp" target */,
			);
			path = SparkChallengeApp;
			sourceTree = "<group>";
		};
		29BF626D2DA2304100051124 /* SparkChallengeAppTests */ = {
			isa = PBXFileSystemSynchronizedRootGroup;
			path = SparkChallengeAppTests;
			sourceTree = "<group>";
		};
		29BF62772DA2304100051124 /* SparkChallengeAppUITests */ = {
			isa = PBXFileSystemSynchronizedRootGroup;
			path = SparkChallengeAppUITests;
			sourceTree = "<group>";
		};
/* End PBXFileSystemSynchronizedRootGroup section */

/* Begin PBXFrameworksBuildPhase section */
		29BF625A2DA2304000051124 /* Frameworks */ = {
			isa = PBXFrameworksBuildPhase;
			buildActionMask = 2147483647;
			files = (
			);
			runOnlyForDeploymentPostprocessing = 0;
		};
		29BF62672DA2304100051124 /* Frameworks */ = {
			isa = PBXFrameworksBuildPhase;
			buildActionMask = 2147483647;
			files = (
			);
			runOnlyForDeploymentPostprocessing = 0;
		};
		29BF62712DA2304100051124 /* Frameworks */ = {
			isa = PBXFrameworksBuildPhase;
			buildActionMask = 2147483647;
			files = (
			);
			runOnlyForDeploymentPostprocessing = 0;
		};
/* End PBXFrameworksBuildPhase section */

/* Begin PBXGroup section */
		29BF62542DA2304000051124 = {
			isa = PBXGroup;
			children = (
				29BF625F2DA2304000051124 /* SparkChallengeApp */,
				29BF626D2DA2304100051124 /* SparkChallengeAppTests */,
				29BF62772DA2304100051124 /* SparkChallengeAppUITests */,
				29BF625E2DA2304000051124 /* Products */,
			);
			sourceTree = "<group>";
		};
		29BF625E2DA2304000051124 /* Products */ = {
			isa = PBXGroup;
			children = (
				29BF625D2DA2304000051124 /* SparkChallengeApp.app */,
				29BF626A2DA2304100051124 /* SparkChallengeAppTests.xctest */,
				29BF62742DA2304100051124 /* SparkChallengeAppUITests.xctest */,
			);
			name = Products;
			sourceTree = "<group>";
		};
/* End PBXGroup section */

/* Begin PBXNativeTarget section */
		29BF625C2DA2304000051124 /* SparkChallengeApp */ = {
			isa = PBXNativeTarget;
			buildConfigurationList = 29BF627E2DA2304100051124 /* Build configuration list for PBXNativeTarget "SparkChallengeApp" */;
			buildPhases = (
				29BF62592DA2304000051124 /* Sources */,
				29BF625A2DA2304000051124 /* Frameworks */,
				29BF625B2DA2304000051124 /* Resources */,
			);
			buildRules = (
			);
			dependencies = (
			);
			fileSystemSynchronizedGroups = (
				29BF625F2DA2304000051124 /* SparkChallengeApp */,
			);
			name = SparkChallengeApp;
			packageProductDependencies = (
			);
			productName = SparkChallengeApp;
			productReference = 29BF625D2DA2304000051124 /* SparkChallengeApp.app */;
			productType = "com.apple.product-type.application";
		};
		29BF62692DA2304100051124 /* SparkChallengeAppTests */ = {
			isa = PBXNativeTarget;
			buildConfigurationList = 29BF62812DA2304100051124 /* Build configuration list for PBXNativeTarget "SparkChallengeAppTests" */;
			buildPhases = (
				29BF62662DA2304100051124 /* Sources */,
				29BF62672DA2304100051124 /* Frameworks */,
				29BF62682DA2304100051124 /* Resources */,
			);
			buildRules = (
			);
			dependencies = (
				29BF626C2DA2304100051124 /* PBXTargetDependency */,
			);
			fileSystemSynchronizedGroups = (
				29BF626D2DA2304100051124 /* SparkChallengeAppTests */,
			);
			name = SparkChallengeAppTests;
			packageProductDependencies = (
			);
			productName = SparkChallengeAppTests;
			productReference = 29BF626A2DA2304100051124 /* SparkChallengeAppTests.xctest */;
			productType = "com.apple.product-type.bundle.unit-test";
		};
		29BF62732DA2304100051124 /* SparkChallengeAppUITests */ = {
			isa = PBXNativeTarget;
			buildConfigurationList = 29BF62842DA2304100051124 /* Build configuration list for PBXNativeTarget "SparkChallengeAppUITests" */;
			buildPhases = (
				29BF62702DA2304100051124 /* Sources */,
				29BF62712DA2304100051124 /* Frameworks */,
				29BF62722DA2304100051124 /* Resources */,
			);
			buildRules = (
			);
			dependencies = (
				29BF62762DA2304100051124 /* PBXTargetDependency */,
			);
			fileSystemSynchronizedGroups = (
				29BF62772DA2304100051124 /* SparkChallengeAppUITests */,
			);
			name = SparkChallengeAppUITests;
			packageProductDependencies = (
			);
			productName = SparkChallengeAppUITests;
			productReference = 29BF62742DA2304100051124 /* SparkChallengeAppUITests.xctest */;
			productType = "com.apple.product-type.bundle.ui-testing";
		};
/* End PBXNativeTarget section */

/* Begin PBXProject section */
		29BF62552DA2304000051124 /* Project object */ = {
			isa = PBXProject;
			attributes = {
				BuildIndependentTargetsInParallel = 1;
				LastSwiftUpdateCheck = 1630;
				LastUpgradeCheck = 1630;
				TargetAttributes = {
					29BF625C2DA2304000051124 = {
						CreatedOnToolsVersion = 16.3;
					};
					29BF62692DA2304100051124 = {
						CreatedOnToolsVersion = 16.3;
						TestTargetID = 29BF625C2DA2304000051124;
					};
					29BF62732DA2304100051124 = {
						CreatedOnToolsVersion = 16.3;
						TestTargetID = 29BF625C2DA2304000051124;
					};
				};
			};
			buildConfigurationList = 29BF62582DA2304000051124 /* Build configuration list for PBXProject "SparkChallengeApp" */;
			developmentRegion = en;
			hasScannedForEncodings = 0;
			knownRegions = (
				en,
				Base,
			);
			mainGroup = 29BF62542DA2304000051124;
			minimizedProjectReferenceProxies = 1;
			preferredProjectObjectVersion = 77;
			productRefGroup = 29BF625E2DA2304000051124 /* Products */;
			projectDirPath = "";
			projectRoot = "";
			targets = (
				29BF625C2DA2304000051124 /* SparkChallengeApp */,
				29BF62692DA2304100051124 /* SparkChallengeAppTests */,
				29BF62732DA2304100051124 /* SparkChallengeAppUITests */,
			);
		};
/* End PBXProject section */

/* Begin PBXResourcesBuildPhase section */
		29BF625B2DA2304000051124 /* Resources */ = {
			isa = PBXResourcesBuildPhase;
			buildActionMask = 2147483647;
			files = (
			);
			runOnlyForDeploymentPostprocessing = 0;
		};
		29BF62682DA2304100051124 /* Resources */ = {
			isa = PBXResourcesBuildPhase;
			buildActionMask = 2147483647;
			files = (
			);
			runOnlyForDeploymentPostprocessing = 0;
		};
		29BF62722DA2304100051124 /* Resources */ = {
			isa = PBXResourcesBuildPhase;
			buildActionMask = 2147483647;
			files = (
			);
			runOnlyForDeploymentPostprocessing = 0;
		};
/* End PBXResourcesBuildPhase section */

/* Begin PBXSourcesBuildPhase section */
		29BF62592DA2304000051124 /* Sources */ = {
			isa = PBXSourcesBuildPhase;
			buildActionMask = 2147483647;
			files = (
			);
			runOnlyForDeploymentPostprocessing = 0;
		};
		29BF62662DA2304100051124 /* Sources */ = {
			isa = PBXSourcesBuildPhase;
			buildActionMask = 2147483647;
			files = (
			);
			runOnlyForDeploymentPostprocessing = 0;
		};
		29BF62702DA2304100051124 /* Sources */ = {
			isa = PBXSourcesBuildPhase;
			buildActionMask = 2147483647;
			files = (
			);
			runOnlyForDeploymentPostprocessing = 0;
		};
/* End PBXSourcesBuildPhase section */

/* Begin PBXTargetDependency section */
		29BF626C2DA2304100051124 /* PBXTargetDependency */ = {
			isa = PBXTargetDependency;
			target = 29BF625C2DA2304000051124 /* SparkChallengeApp */;
			targetProxy = 29BF626B2DA2304100051124 /* PBXContainerItemProxy */;
		};
		29BF62762DA2304100051124 /* PBXTargetDependency */ = {
			isa = PBXTargetDependency;
			target = 29BF625C2DA2304000051124 /* SparkChallengeApp */;
			targetProxy = 29BF62752DA2304100051124 /* PBXContainerItemProxy */;
		};
/* End PBXTargetDependency section */

/* Begin XCBuildConfiguration section */
		29BF627C2DA2304100051124 /* Debug */ = {
			isa = XCBuildConfiguration;
			buildSettings = {
				ALWAYS_SEARCH_USER_PATHS = NO;
				ASSETCATALOG_COMPILER_GENERATE_SWIFT_ASSET_SYMBOL_EXTENSIONS = YES;
				CLANG_ANALYZER_NONNULL = YES;
				CLANG_ANALYZER_NUMBER_OBJECT_CONVERSION = YES_AGGRESSIVE;
				CLANG_CXX_LANGUAGE_STANDARD = "gnu++20";
				CLANG_ENABLE_MODULES = YES;
				CLANG_ENABLE_OBJC_ARC = YES;
				CLANG_ENABLE_OBJC_WEAK = YES;
				CLANG_WARN_BLOCK_CAPTURE_AUTORELEASING = YES;
				CLANG_WARN_BOOL_CONVERSION = YES;
				CLANG_WARN_COMMA = YES;
				CLANG_WARN_CONSTANT_CONVERSION = YES;
				CLANG_WARN_DEPRECATED_OBJC_IMPLEMENTATIONS = YES;
				CLANG_WARN_DIRECT_OBJC_ISA_USAGE = YES_ERROR;
				CLANG_WARN_DOCUMENTATION_COMMENTS = YES;
				CLANG_WARN_EMPTY_BODY = YES;
				CLANG_WARN_ENUM_CONVERSION = YES;
				CLANG_WARN_INFINITE_RECURSION = YES;
				CLANG_WARN_INT_CONVERSION = YES;
				CLANG_WARN_NON_LITERAL_NULL_CONVERSION = YES;
				CLANG_WARN_OBJC_IMPLICIT_RETAIN_SELF = YES;
				CLANG_WARN_OBJC_LITERAL_CONVERSION = YES;
				CLANG_WARN_OBJC_ROOT_CLASS = YES_ERROR;
				CLANG_WARN_QUOTED_INCLUDE_IN_FRAMEWORK_HEADER = YES;
				CLANG_WARN_RANGE_LOOP_ANALYSIS = YES;
				CLANG_WARN_STRICT_PROTOTYPES = YES;
				CLANG_WARN_SUSPICIOUS_MOVE = YES;
				CLANG_WARN_UNGUARDED_AVAILABILITY = YES_AGGRESSIVE;
				CLANG_WARN_UNREACHABLE_CODE = YES;
				CLANG_WARN__DUPLICATE_METHOD_MATCH = YES;
				COPY_PHASE_STRIP = NO;
				DEBUG_INFORMATION_FORMAT = dwarf;
				ENABLE_STRICT_OBJC_MSGSEND = YES;
				ENABLE_TESTABILITY = YES;
				ENABLE_USER_SCRIPT_SANDBOXING = YES;
				GCC_C_LANGUAGE_STANDARD = gnu17;
				GCC_DYNAMIC_NO_PIC = NO;
				GCC_NO_COMMON_BLOCKS = YES;
				GCC_OPTIMIZATION_LEVEL = 0;
				GCC_PREPROCESSOR_DEFINITIONS = (
					"DEBUG=1",
					"$(inherited)",
				);
				GCC_WARN_64_TO_32_BIT_CONVERSION = YES;
				GCC_WARN_ABOUT_RETURN_TYPE = YES_ERROR;
				GCC_WARN_UNDECLARED_SELECTOR = YES;
				GCC_WARN_UNINITIALIZED_AUTOS = YES_AGGRESSIVE;
				GCC_WARN_UNUSED_FUNCTION = YES;
				GCC_WARN_UNUSED_VARIABLE = YES;
				IPHONEOS_DEPLOYMENT_TARGET = 18.4;
				LOCALIZATION_PREFERS_STRING_CATALOGS = YES;
				MTL_ENABLE_DEBUG_INFO = INCLUDE_SOURCE;
				MTL_FAST_MATH = YES;
				ONLY_ACTIVE_ARCH = YES;
				SDKROOT = iphoneos;
				SWIFT_ACTIVE_COMPILATION_CONDITIONS = "DEBUG $(inherited)";
				SWIFT_OPTIMIZATION_LEVEL = "-Onone";
			};
			name = Debug;
		};
		29BF627D2DA2304100051124 /* Release */ = {
			isa = XCBuildConfiguration;
			buildSettings = {
				ALWAYS_SEARCH_USER_PATHS = NO;
				ASSETCATALOG_COMPILER_GENERATE_SWIFT_ASSET_SYMBOL_EXTENSIONS = YES;
				CLANG_ANALYZER_NONNULL = YES;
				CLANG_ANALYZER_NUMBER_OBJECT_CONVERSION = YES_AGGRESSIVE;
				CLANG_CXX_LANGUAGE_STANDARD = "gnu++20";
				CLANG_ENABLE_MODULES = YES;
				CLANG_ENABLE_OBJC_ARC = YES;
				CLANG_ENABLE_OBJC_WEAK = YES;
				CLANG_WARN_BLOCK_CAPTURE_AUTORELEASING = YES;
				CLANG_WARN_BOOL_CONVERSION = YES;
				CLANG_WARN_COMMA = YES;
				CLANG_WARN_CONSTANT_CONVERSION = YES;
				CLANG_WARN_DEPRECATED_OBJC_IMPLEMENTATIONS = YES;
				CLANG_WARN_DIRECT_OBJC_ISA_USAGE = YES_ERROR;
				CLANG_WARN_DOCUMENTATION_COMMENTS = YES;
				CLANG_WARN_EMPTY_BODY = YES;
				CLANG_WARN_ENUM_CONVERSION = YES;
				CLANG_WARN_INFINITE_RECURSION = YES;
				CLANG_WARN_INT_CONVERSION = YES;
				CLANG_WARN_NON_LITERAL_NULL_CONVERSION = YES;
				CLANG_WARN_OBJC_IMPLICIT_RETAIN_SELF = YES;
				CLANG_WARN_OBJC_LITERAL_CONVERSION = YES;
				CLANG_WARN_OBJC_ROOT_CLASS = YES_ERROR;
				CLANG_WARN_QUOTED_INCLUDE_IN_FRAMEWORK_HEADER = YES;
				CLANG_WARN_RANGE_LOOP_ANALYSIS = YES;
				CLANG_WARN_STRICT_PROTOTYPES = YES;
				CLANG_WARN_SUSPICIOUS_MOVE = YES;
				CLANG_WARN_UNGUARDED_AVAILABILITY = YES_AGGRESSIVE;
				CLANG_WARN_UNREACHABLE_CODE = YES;
				CLANG_WARN__DUPLICATE_METHOD_MATCH = YES;
				COPY_PHASE_STRIP = NO;
				DEBUG_INFORMATION_FORMAT = "dwarf-with-dsym";
				ENABLE_NS_ASSERTIONS = NO;
				ENABLE_STRICT_OBJC_MSGSEND = YES;
				ENABLE_USER_SCRIPT_SANDBOXING = YES;
				GCC_C_LANGUAGE_STANDARD = gnu17;
				GCC_NO_COMMON_BLOCKS = YES;
				GCC_WARN_64_TO_32_BIT_CONVERSION = YES;
				GCC_WARN_ABOUT_RETURN_TYPE = YES_ERROR;
				GCC_WARN_UNDECLARED_SELECTOR = YES;
				GCC_WARN_UNINITIALIZED_AUTOS = YES_AGGRESSIVE;
				GCC_WARN_UNUSED_FUNCTION = YES;
				GCC_WARN_UNUSED_VARIABLE = YES;
				IPHONEOS_DEPLOYMENT_TARGET = 18.4;
				LOCALIZATION_PREFERS_STRING_CATALOGS = YES;
				MTL_ENABLE_DEBUG_INFO = NO;
				MTL_FAST_MATH = YES;
				SDKROOT = iphoneos;
				SWIFT_COMPILATION_MODE = wholemodule;
				VALIDATE_PRODUCT = YES;
			};
			name = Release;
		};
		29BF627F2DA2304100051124 /* Debug */ = {
			isa = XCBuildConfiguration;
			buildSettings = {
				ASSETCATALOG_COMPILER_APPICON_NAME = AppIcon;
				ASSETCATALOG_COMPILER_GLOBAL_ACCENT_COLOR_NAME = AccentColor;
				CODE_SIGN_STYLE = Automatic;
				CURRENT_PROJECT_VERSION = 1;
				ENABLE_PREVIEWS = YES;
				GENERATE_INFOPLIST_FILE = YES;
				INFOPLIST_FILE = SparkChallengeApp/Info.plist;
				INFOPLIST_KEY_UIApplicationSceneManifest_Generation = YES;
				INFOPLIST_KEY_UIApplicationSupportsIndirectInputEvents = YES;
				INFOPLIST_KEY_UILaunchScreen_Generation = YES;
				INFOPLIST_KEY_UISupportedInterfaceOrientations_iPad = "UIInterfaceOrientationPortrait UIInterfaceOrientationPortraitUpsideDown UIInterfaceOrientationLandscapeLeft UIInterfaceOrientationLandscapeRight";
				INFOPLIST_KEY_UISupportedInterfaceOrientations_iPhone = "UIInterfaceOrientationPortrait UIInterfaceOrientationLandscapeLeft UIInterfaceOrientationLandscapeRight";
				LD_RUNPATH_SEARCH_PATHS = (
					"$(inherited)",
					"@executable_path/Frameworks",
				);
				MARKETING_VERSION = 1.0;
				PRODUCT_BUNDLE_IDENTIFIER = "Prathyush-Vasa.SparkChallengeApp";
				PRODUCT_NAME = "$(TARGET_NAME)";
				SWIFT_EMIT_LOC_STRINGS = YES;
				SWIFT_VERSION = 5.0;
				TARGETED_DEVICE_FAMILY = "1,2";
			};
			name = Debug;
		};
		29BF62802DA2304100051124 /* Release */ = {
			isa = XCBuildConfiguration;
			buildSettings = {
				ASSETCATALOG_COMPILER_APPICON_NAME = AppIcon;
				ASSETCATALOG_COMPILER_GLOBAL_ACCENT_COLOR_NAME = AccentColor;
				CODE_SIGN_STYLE = Automatic;
				CURRENT_PROJECT_VERSION = 1;
				ENABLE_PREVIEWS = YES;
				GENERATE_INFOPLIST_FILE = YES;
				INFOPLIST_FILE = SparkChallengeApp/Info.plist;
				INFOPLIST_KEY_UIApplicationSceneManifest_Generation = YES;
				INFOPLIST_KEY_UIApplicationSupportsIndirectInputEvents = YES;
				INFOPLIST_KEY_UILaunchScreen_Generation = YES;
				INFOPLIST_KEY_UISupportedInterfaceOrientations_iPad = "UIInterfaceOrientationPortrait UIInterfaceOrientationPortraitUpsideDown UIInterfaceOrientationLandscapeLeft UIInterfaceOrientationLandscapeRight";
				INFOPLIST_KEY_UISupportedInterfaceOrientations_iPhone = "UIInterfaceOrientationPortrait UIInterfaceOrientationLandscapeLeft UIInterfaceOrientationLandscapeRight";
				LD_RUNPATH_SEARCH_PATHS = (
					"$(inherited)",
					"@executable_path/Frameworks",
				);
				MARKETING_VERSION = 1.0;
				PRODUCT_BUNDLE_IDENTIFIER = "Prathyush-Vasa.SparkChallengeApp";
				PRODUCT_NAME = "$(TARGET_NAME)";
				SWIFT_EMIT_LOC_STRINGS = YES;
				SWIFT_VERSION = 5.0;
				TARGETED_DEVICE_FAMILY = "1,2";
			};
			name = Release;
		};
		29BF62822DA2304100051124 /* Debug */ = {
			isa = XCBuildConfiguration;
			buildSettings = {
				BUNDLE_LOADER = "$(TEST_HOST)";
				CODE_SIGN_STYLE = Automatic;
				CURRENT_PROJECT_VERSION = 1;
				GENERATE_INFOPLIST_FILE = YES;
				IPHONEOS_DEPLOYMENT_TARGET = 18.4;
				MARKETING_VERSION = 1.0;
				PRODUCT_BUNDLE_IDENTIFIER = "Prathyush-Vasa.SparkChallengeAppTests";
				PRODUCT_NAME = "$(TARGET_NAME)";
				SWIFT_EMIT_LOC_STRINGS = NO;
				SWIFT_VERSION = 5.0;
				TARGETED_DEVICE_FAMILY = "1,2";
				TEST_HOST = "$(BUILT_PRODUCTS_DIR)/SparkChallengeApp.app/$(BUNDLE_EXECUTABLE_FOLDER_PATH)/SparkChallengeApp";
			};
			name = Debug;
		};
		29BF62832DA2304100051124 /* Release */ = {
			isa = XCBuildConfiguration;
			buildSettings = {
				BUNDLE_LOADER = "$(TEST_HOST)";
				CODE_SIGN_STYLE = Automatic;
				CURRENT_PROJECT_VERSION = 1;
				GENERATE_INFOPLIST_FILE = YES;
				IPHONEOS_DEPLOYMENT_TARGET = 18.4;
				MARKETING_VERSION = 1.0;
				PRODUCT_BUNDLE_IDENTIFIER = "Prathyush-Vasa.SparkChallengeAppTests";
				PRODUCT_NAME = "$(TARGET_NAME)";
				SWIFT_EMIT_LOC_STRINGS = NO;
				SWIFT_VERSION = 5.0;
				TARGETED_DEVICE_FAMILY = "1,2";
				TEST_HOST = "$(BUILT_PRODUCTS_DIR)/SparkChallengeApp.app/$(BUNDLE_EXECUTABLE_FOLDER_PATH)/SparkChallengeApp";
			};
			name = Release;
		};
		29BF62852DA2304100051124 /* Debug */ = {
			isa = XCBuildConfiguration;
			buildSettings = {
				CODE_SIGN_STYLE = Automatic;
				CURRENT_PROJECT_VERSION = 1;
				GENERATE_INFOPLIST_FILE = YES;
				MARKETING_VERSION = 1.0;
				PRODUCT_BUNDLE_IDENTIFIER = "Prathyush-Vasa.SparkChallengeAppUITests";
				PRODUCT_NAME = "$(TARGET_NAME)";
				SWIFT_EMIT_LOC_STRINGS = NO;
				SWIFT_VERSION = 5.0;
				TARGETED_DEVICE_FAMILY = "1,2";
				TEST_TARGET_NAME = SparkChallengeApp;
			};
			name = Debug;
		};
		29BF62862DA2304100051124 /* Release */ = {
			isa = XCBuildConfiguration;
			buildSettings = {
				CODE_SIGN_STYLE = Automatic;
				CURRENT_PROJECT_VERSION = 1;
				GENERATE_INFOPLIST_FILE = YES;
				MARKETING_VERSION = 1.0;
				PRODUCT_BUNDLE_IDENTIFIER = "Prathyush-Vasa.SparkChallengeAppUITests";
				PRODUCT_NAME = "$(TARGET_NAME)";
				SWIFT_EMIT_LOC_STRINGS = NO;
				SWIFT_VERSION = 5.0;
				TARGETED_DEVICE_FAMILY = "1,2";
				TEST_TARGET_NAME = SparkChallengeApp;
			};
			name = Release;
		};
/* End XCBuildConfiguration section */

/* Begin XCConfigurationList section */
		29BF62582DA2304000051124 /* Build configuration list for PBXProject "SparkChallengeApp" */ = {
			isa = XCConfigurationList;
			buildConfigurations = (
				29BF627C2DA2304100051124 /* Debug */,
				29BF627D2DA2304100051124 /* Release */,
			);
			defaultConfigurationIsVisible = 0;
			defaultConfigurationName = Release;
		};
		29BF627E2DA2304100051124 /* Build configuration list for PBXNativeTarget "SparkChallengeApp" */ = {
			isa = XCConfigurationList;
			buildConfigurations = (
				29BF627F2DA2304100051124 /* Debug */,
				29BF62802DA2304100051124 /* Release */,
			);
			defaultConfigurationIsVisible = 0;
			defaultConfigurationName = Release;
		};
		29BF62812DA2304100051124 /* Build configuration list for PBXNativeTarget "SparkChallengeAppTests" */ = {
			isa = XCConfigurationList;
			buildConfigurations = (
				29BF62822DA2304100051124 /* Debug */,
				29BF62832DA2304100051124 /* Release */,
			);
			defaultConfigurationIsVisible = 0;
			defaultConfigurationName = Release;
		};
		29BF62842DA2304100051124 /* Build configuration list for PBXNativeTarget "SparkChallengeAppUITests" */ = {
			isa = XCConfigurationList;
			buildConfigurations = (
				29BF62852DA2304100051124 /* Debug */,
				29BF62862DA2304100051124 /* Release */,
			);
			defaultConfigurationIsVisible = 0;
			defaultConfigurationName = Release;
		};
/* End XCConfigurationList section */
	};
	rootObject = 29BF62552DA2304000051124 /* Project object */;
}
